
Microsoft Visual Studio Solution File, Format Version 12.00
# Visual Studio Version 16
VisualStudioVersion = 16.0.30611.23
MinimumVisualStudioVersion = 10.0.40219.1
Project("{FAE04EC0-301F-11D3-BF4B-00C04F79EFBC}") = "WebApi", "WebApi\WebApi.csproj", "{F8E3115A-15EE-408E-AF05-667F06F35752}"
EndProject
Global
	GlobalSection(SolutionConfigurationPlatforms) = preSolution
		Debug|Any CPU = Debug|Any CPU
		Release|Any CPU = Release|Any CPU
	EndGlobalSection
	GlobalSection(ProjectConfigurationPlatforms) = postSolution
		{F8E3115A-15EE-408E-AF05-667F06F35752}.Debug|Any CPU.ActiveCfg = Debug|Any CPU
		{F8E3115A-15EE-408E-AF05-667F06F35752}.Debug|Any CPU.Build.0 = Debug|Any CPU
		{F8E3115A-15EE-408E-AF05-667F06F35752}.Release|Any CPU.ActiveCfg = Release|Any CPU
		{F8E3115A-15EE-408E-AF05-667F06F35752}.Release|Any CPU.Build.0 = Release|Any CPU
	EndGlobalSection
	GlobalSection(SolutionProperties) = preSolution
		HideSolutionNode = FALSE
	EndGlobalSection
	GlobalSection(ExtensibilityGlobals) = postSolution
		SolutionGuid = {141FBF6D-B68B-4F37-BE1F-A9DED0BE947D}
	EndGlobalSection
EndGlobal
